// !$*UTF8*$!
{
	archiveVersion = 1;
	classes = {
	};
	objectVersion = 46;
	objects = {

/* Begin PBXBuildFile section */
		843347821CC872E500BC9CA8 /* main.m in Sources */ = {isa = PBXBuildFile; fileRef = 843347811CC872E500BC9CA8 /* main.m */; };
		843347851CC872E500BC9CA8 /* AppDelegate.m in Sources */ = {isa = PBXBuildFile; fileRef = 843347841CC872E500BC9CA8 /* AppDelegate.m */; };
		843347881CC872E500BC9CA8 /* ViewController.m in Sources */ = {isa = PBXBuildFile; fileRef = 843347871CC872E500BC9CA8 /* ViewController.m */; };
		8433478B1CC872E500BC9CA8 /* Main.storyboard in Resources */ = {isa = PBXBuildFile; fileRef = 843347891CC872E500BC9CA8 /* Main.storyboard */; };
		8433478D1CC872E500BC9CA8 /* Assets.xcassets in Resources */ = {isa = PBXBuildFile; fileRef = 8433478C1CC872E500BC9CA8 /* Assets.xcassets */; };
		843347901CC872E500BC9CA8 /* LaunchScreen.storyboard in Resources */ = {isa = PBXBuildFile; fileRef = 8433478E1CC872E500BC9CA8 /* LaunchScreen.storyboard */; };
		843347981CC8916800BC9CA8 /* QRBase.storyboard in Resources */ = {isa = PBXBuildFile; fileRef = 843347971CC8916800BC9CA8 /* QRBase.storyboard */; };
		8433479B1CC894DA00BC9CA8 /* QRCodeViewController.m in Sources */ = {isa = PBXBuildFile; fileRef = 8433479A1CC894DA00BC9CA8 /* QRCodeViewController.m */; };
		8433479E1CC894EC00BC9CA8 /* BarCodeViewController.m in Sources */ = {isa = PBXBuildFile; fileRef = 8433479D1CC894EC00BC9CA8 /* BarCodeViewController.m */; };
		84DCF1661CC9CF33002C015E /* CreateQRViewController.m in Sources */ = {isa = PBXBuildFile; fileRef = 84DCF1641CC9CF33002C015E /* CreateQRViewController.m */; };
		84DCF1671CC9CF33002C015E /* CreateQRViewController.xib in Resources */ = {isa = PBXBuildFile; fileRef = 84DCF1651CC9CF33002C015E /* CreateQRViewController.xib */; };
/* End PBXBuildFile section */

/* Begin PBXFileReference section */
		8433477D1CC872E500BC9CA8 /* QRCode.app */ = {isa = PBXFileReference; explicitFileType = wrapper.application; includeInIndex = 0; path = QRCode.app; sourceTree = BUILT_PRODUCTS_DIR; };
		843347811CC872E500BC9CA8 /* main.m */ = {isa = PBXFileReference; lastKnownFileType = sourcecode.c.objc; path = main.m; sourceTree = "<group>"; };
		843347831CC872E500BC9CA8 /* AppDelegate.h */ = {isa = PBXFileReference; lastKnownFileType = sourcecode.c.h; path = AppDelegate.h; sourceTree = "<group>"; };
		843347841CC872E500BC9CA8 /* AppDelegate.m */ = {isa = PBXFileReference; lastKnownFileType = sourcecode.c.objc; path = AppDelegate.m; sourceTree = "<group>"; };
		843347861CC872E500BC9CA8 /* ViewController.h */ = {isa = PBXFileReference; lastKnownFileType = sourcecode.c.h; path = ViewController.h; sourceTree = "<group>"; };
		843347871CC872E500BC9CA8 /* ViewController.m */ = {isa = PBXFileReference; lastKnownFileType = sourcecode.c.objc; path = ViewController.m; sourceTree = "<group>"; };
		8433478A1CC872E500BC9CA8 /* Base */ = {isa = PBXFileReference; lastKnownFileType = file.storyboard; name = Base; path = Base.lproj/Main.storyboard; sourceTree = "<group>"; };
		8433478C1CC872E500BC9CA8 /* Assets.xcassets */ = {isa = PBXFileReference; lastKnownFileType = folder.assetcatalog; path = Assets.xcassets; sourceTree = "<group>"; };
		8433478F1CC872E500BC9CA8 /* Base */ = {isa = PBXFileReference; lastKnownFileType = file.storyboard; name = Base; path = Base.lproj/LaunchScreen.storyboard; sourceTree = "<group>"; };
		843347911CC872E500BC9CA8 /* Info.plist */ = {isa = PBXFileReference; lastKnownFileType = text.plist.xml; path = Info.plist; sourceTree = "<group>"; };
		843347971CC8916800BC9CA8 /* QRBase.storyboard */ = {isa = PBXFileReference; fileEncoding = 4; lastKnownFileType = file.storyboard; path = QRBase.storyboard; sourceTree = "<group>"; };
		843347991CC894DA00BC9CA8 /* QRCodeViewController.h */ = {isa = PBXFileReference; fileEncoding = 4; lastKnownFileType = sourcecode.c.h; path = QRCodeViewController.h; sourceTree = "<group>"; };
		8433479A1CC894DA00BC9CA8 /* QRCodeViewController.m */ = {isa = PBXFileReference; fileEncoding = 4; lastKnownFileType = sourcecode.c.objc; path = QRCodeViewController.m; sourceTree = "<group>"; };
		8433479C1CC894EC00BC9CA8 /* BarCodeViewController.h */ = {isa = PBXFileReference; fileEncoding = 4; lastKnownFileType = sourcecode.c.h; path = BarCodeViewController.h; sourceTree = "<group>"; };
		8433479D1CC894EC00BC9CA8 /* BarCodeViewController.m */ = {isa = PBXFileReference; fileEncoding = 4; lastKnownFileType = sourcecode.c.objc; path = BarCodeViewController.m; sourceTree = "<group>"; };
		84DCF1631CC9CF33002C015E /* CreateQRViewController.h */ = {isa = PBXFileReference; fileEncoding = 4; lastKnownFileType = sourcecode.c.h; path = CreateQRViewController.h; sourceTree = "<group>"; };
		84DCF1641CC9CF33002C015E /* CreateQRViewController.m */ = {isa = PBXFileReference; fileEncoding = 4; lastKnownFileType = sourcecode.c.objc; path = CreateQRViewController.m; sourceTree = "<group>"; };
		84DCF1651CC9CF33002C015E /* CreateQRViewController.xib */ = {isa = PBXFileReference; fileEncoding = 4; lastKnownFileType = file.xib; path = CreateQRViewController.xib; sourceTree = "<group>"; };
/* End PBXFileReference section */

/* Begin PBXFrameworksBuildPhase section */
		8433477A1CC872E500BC9CA8 /* Frameworks */ = {
			isa = PBXFrameworksBuildPhase;
			buildActionMask = 2147483647;
			files = (
			);
			runOnlyForDeploymentPostprocessing = 0;
		};
/* End PBXFrameworksBuildPhase section */

/* Begin PBXGroup section */
		843347741CC872E400BC9CA8 = {
			isa = PBXGroup;
			children = (
				8433477F1CC872E500BC9CA8 /* QRCode */,
				8433477E1CC872E500BC9CA8 /* Products */,
			);
			sourceTree = "<group>";
		};
		8433477E1CC872E500BC9CA8 /* Products */ = {
			isa = PBXGroup;
			children = (
				8433477D1CC872E500BC9CA8 /* QRCode.app */,
			);
			name = Products;
			sourceTree = "<group>";
		};
		8433477F1CC872E500BC9CA8 /* QRCode */ = {
			isa = PBXGroup;
			children = (
				843347831CC872E500BC9CA8 /* AppDelegate.h */,
				843347841CC872E500BC9CA8 /* AppDelegate.m */,
				843347861CC872E500BC9CA8 /* ViewController.h */,
				843347871CC872E500BC9CA8 /* ViewController.m */,
				843347991CC894DA00BC9CA8 /* QRCodeViewController.h */,
				8433479A1CC894DA00BC9CA8 /* QRCodeViewController.m */,
				8433479C1CC894EC00BC9CA8 /* BarCodeViewController.h */,
				8433479D1CC894EC00BC9CA8 /* BarCodeViewController.m */,
				84DCF1631CC9CF33002C015E /* CreateQRViewController.h */,
				84DCF1641CC9CF33002C015E /* CreateQRViewController.m */,
				84DCF1651CC9CF33002C015E /* CreateQRViewController.xib */,
				843347971CC8916800BC9CA8 /* QRBase.storyboard */,
				843347891CC872E500BC9CA8 /* Main.storyboard */,
				8433478C1CC872E500BC9CA8 /* Assets.xcassets */,
				8433478E1CC872E500BC9CA8 /* LaunchScreen.storyboard */,
				843347911CC872E500BC9CA8 /* Info.plist */,
				843347801CC872E500BC9CA8 /* Supporting Files */,
			);
			path = QRCode;
			sourceTree = "<group>";
		};
		843347801CC872E500BC9CA8 /* Supporting Files */ = {
			isa = PBXGroup;
			children = (
				843347811CC872E500BC9CA8 /* main.m */,
			);
			name = "Supporting Files";
			sourceTree = "<group>";
		};
/* End PBXGroup section */

/* Begin PBXNativeTarget section */
		8433477C1CC872E500BC9CA8 /* QRCode */ = {
			isa = PBXNativeTarget;
			buildConfigurationList = 843347941CC872E500BC9CA8 /* Build configuration list for PBXNativeTarget "QRCode" */;
			buildPhases = (
				843347791CC872E500BC9CA8 /* Sources */,
				8433477A1CC872E500BC9CA8 /* Frameworks */,
				8433477B1CC872E500BC9CA8 /* Resources */,
			);
			buildRules = (
			);
			dependencies = (
			);
			name = QRCode;
			productName = QRCode;
			productReference = 8433477D1CC872E500BC9CA8 /* QRCode.app */;
			productType = "com.apple.product-type.application";
		};
/* End PBXNativeTarget section */

/* Begin PBXProject section */
		843347751CC872E400BC9CA8 /* Project object */ = {
			isa = PBXProject;
			attributes = {
				LastUpgradeCheck = 0720;
				ORGANIZATIONNAME = admin;
				TargetAttributes = {
					8433477C1CC872E500BC9CA8 = {
						CreatedOnToolsVersion = 7.2;
					};
				};
			};
			buildConfigurationList = 843347781CC872E400BC9CA8 /* Build configuration list for PBXProject "QRCode" */;
			compatibilityVersion = "Xcode 3.2";
			developmentRegion = English;
			hasScannedForEncodings = 0;
			knownRegions = (
				en,
				Base,
			);
			mainGroup = 843347741CC872E400BC9CA8;
			productRefGroup = 8433477E1CC872E500BC9CA8 /* Products */;
			projectDirPath = "";
			projectRoot = "";
			targets = (
				8433477C1CC872E500BC9CA8 /* QRCode */,
			);
		};
/* End PBXProject section */

/* Begin PBXResourcesBuildPhase section */
		8433477B1CC872E500BC9CA8 /* Resources */ = {
			isa = PBXResourcesBuildPhase;
			buildActionMask = 2147483647;
			files = (
				843347901CC872E500BC9CA8 /* LaunchScreen.storyboard in Resources */,
				8433478D1CC872E500BC9CA8 /* Assets.xcassets in Resources */,
				843347981CC8916800BC9CA8 /* QRBase.storyboard in Resources */,
				8433478B1CC872E500BC9CA8 /* Main.storyboard in Resources */,
				84DCF1671CC9CF33002C015E /* CreateQRViewController.xib in Resources */,
			);
			runOnlyForDeploymentPostprocessing = 0;
		};
/* End PBXResourcesBuildPhase section */

/* Begin PBXSourcesBuildPhase section */
		843347791CC872E500BC9CA8 /* Sources */ = {
			isa = PBXSourcesBuildPhase;
			buildActionMask = 2147483647;
			files = (
				843347881CC872E500BC9CA8 /* ViewController.m in Sources */,
				84DCF1661CC9CF33002C015E /* CreateQRViewController.m in Sources */,
				843347851CC872E500BC9CA8 /* AppDelegate.m in Sources */,
				8433479B1CC894DA00BC9CA8 /* QRCodeViewController.m in Sources */,
				8433479E1CC894EC00BC9CA8 /* BarCodeViewController.m in Sources */,
				843347821CC872E500BC9CA8 /* main.m in Sources */,
			);
			runOnlyForDeploymentPostprocessing = 0;
		};
/* End PBXSourcesBuildPhase section */

/* Begin PBXVariantGroup section */
		843347891CC872E500BC9CA8 /* Main.storyboard */ = {
			isa = PBXVariantGroup;
			children = (
				8433478A1CC872E500BC9CA8 /* Base */,
			);
			name = Main.storyboard;
			sourceTree = "<group>";
		};
		8433478E1CC872E500BC9CA8 /* LaunchScreen.storyboard */ = {
			isa = PBXVariantGroup;
			children = (
				8433478F1CC872E500BC9CA8 /* Base */,
			);
			name = LaunchScreen.storyboard;
			sourceTree = "<group>";
		};
/* End PBXVariantGroup section */

/* Begin XCBuildConfiguration section */
		843347921CC872E500BC9CA8 /* Debug */ = {
			isa = XCBuildConfiguration;
			buildSettings = {
				ALWAYS_SEARCH_USER_PATHS = NO;
				CLANG_CXX_LANGUAGE_STANDARD = "gnu++0x";
				CLANG_CXX_LIBRARY = "libc++";
				CLANG_ENABLE_MODULES = YES;
				CLANG_ENABLE_OBJC_ARC = YES;
				CLANG_WARN_BOOL_CONVERSION = YES;
				CLANG_WARN_CONSTANT_CONVERSION = YES;
				CLANG_WARN_DIRECT_OBJC_ISA_USAGE = YES_ERROR;
				CLANG_WARN_EMPTY_BODY = YES;
				CLANG_WARN_ENUM_CONVERSION = YES;
				CLANG_WARN_INT_CONVERSION = YES;
				CLANG_WARN_OBJC_ROOT_CLASS = YES_ERROR;
				CLANG_WARN_UNREACHABLE_CODE = YES;
				CLANG_WARN__DUPLICATE_METHOD_MATCH = YES;
				"CODE_SIGN_IDENTITY[sdk=iphoneos*]" = "iPhone Developer";
				COPY_PHASE_STRIP = NO;
				DEBUG_INFORMATION_FORMAT = dwarf;
				ENABLE_STRICT_OBJC_MSGSEND = YES;
				ENABLE_TESTABILITY = YES;
				GCC_C_LANGUAGE_STANDARD = gnu99;
				GCC_DYNAMIC_NO_PIC = NO;
				GCC_NO_COMMON_BLOCKS = YES;
				GCC_OPTIMIZATION_LEVEL = 0;
				GCC_PREPROCESSOR_DEFINITIONS = (
					"DEBUG=1",
					"$(inherited)",
				);
				GCC_WARN_64_TO_32_BIT_CONVERSION = YES;
				GCC_WARN_ABOUT_RETURN_TYPE = YES_ERROR;
				GCC_WARN_UNDECLARED_SELECTOR = YES;
				GCC_WARN_UNINITIALIZED_AUTOS = YES_AGGRESSIVE;
				GCC_WARN_UNUSED_FUNCTION = YES;
				GCC_WARN_UNUSED_VARIABLE = YES;
				IPHONEOS_DEPLOYMENT_TARGET = 9.2;
				MTL_ENABLE_DEBUG_INFO = YES;
				ONLY_ACTIVE_ARCH = YES;
				SDKROOT = iphoneos;
			};
			name = Debug;
		};
		843347931CC872E500BC9CA8 /* Release */ = {
			isa = XCBuildConfiguration;
			buildSettings = {
				ALWAYS_SEARCH_USER_PATHS = NO;
				CLANG_CXX_LANGUAGE_STANDARD = "gnu++0x";
				CLANG_CXX_LIBRARY = "libc++";
				CLANG_ENABLE_MODULES = YES;
				CLANG_ENABLE_OBJC_ARC = YES;
				CLANG_WARN_BOOL_CONVERSION = YES;
				CLANG_WARN_CONSTANT_CONVERSION = YES;
				CLANG_WARN_DIRECT_OBJC_ISA_USAGE = YES_ERROR;
				CLANG_WARN_EMPTY_BODY = YES;
				CLANG_WARN_ENUM_CONVERSION = YES;
				CLANG_WARN_INT_CONVERSION = YES;
				CLANG_WARN_OBJC_ROOT_CLASS = YES_ERROR;
				CLANG_WARN_UNREACHABLE_CODE = YES;
				CLANG_WARN__DUPLICATE_METHOD_MATCH = YES;
				"CODE_SIGN_IDENTITY[sdk=iphoneos*]" = "iPhone Developer";
				COPY_PHASE_STRIP = NO;
				DEBUG_INFORMATION_FORMAT = "dwarf-with-dsym";
				ENABLE_NS_ASSERTIONS = NO;
				ENABLE_STRICT_OBJC_MSGSEND = YES;
				GCC_C_LANGUAGE_STANDARD = gnu99;
				GCC_NO_COMMON_BLOCKS = YES;
				GCC_WARN_64_TO_32_BIT_CONVERSION = YES;
				GCC_WARN_ABOUT_RETURN_TYPE = YES_ERROR;
				GCC_WARN_UNDECLARED_SELECTOR = YES;
				GCC_WARN_UNINITIALIZED_AUTOS = YES_AGGRESSIVE;
				GCC_WARN_UNUSED_FUNCTION = YES;
				GCC_WARN_UNUSED_VARIABLE = YES;
				IPHONEOS_DEPLOYMENT_TARGET = 9.2;
				MTL_ENABLE_DEBUG_INFO = NO;
				SDKROOT = iphoneos;
				VALIDATE_PRODUCT = YES;
			};
			name = Release;
		};
		843347951CC872E500BC9CA8 /* Debug */ = {
			isa = XCBuildConfiguration;
			buildSettings = {
				ASSETCATALOG_COMPILER_APPICON_NAME = AppIcon;
				INFOPLIST_FILE = QRCode/Info.plist;
				IPHONEOS_DEPLOYMENT_TARGET = 8.0;
				LD_RUNPATH_SEARCH_PATHS = "$(inherited) @executable_path/Frameworks";
				PRODUCT_BUNDLE_IDENTIFIER = com.fanglanfeng.fang.QRCode;
				PRODUCT_NAME = "$(TARGET_NAME)";
			};
			name = Debug;
		};
		843347961CC872E500BC9CA8 /* Release */ = {
			isa = XCBuildConfiguration;
			buildSettings = {
				ASSETCATALOG_COMPILER_APPICON_NAME = AppIcon;
				INFOPLIST_FILE = QRCode/Info.plist;
				IPHONEOS_DEPLOYMENT_TARGET = 8.0;
				LD_RUNPATH_SEARCH_PATHS = "$(inherited) @executable_path/Frameworks";
				PRODUCT_BUNDLE_IDENTIFIER = com.fanglanfeng.fang.QRCode;
				PRODUCT_NAME = "$(TARGET_NAME)";
			};
			name = Release;
		};
/* End XCBuildConfiguration section */

/* Begin XCConfigurationList section */
		843347781CC872E400BC9CA8 /* Build configuration list for PBXProject "QRCode" */ = {
			isa = XCConfigurationList;
			buildConfigurations = (
				843347921CC872E500BC9CA8 /* Debug */,
				843347931CC872E500BC9CA8 /* Release */,
			);
			defaultConfigurationIsVisible = 0;
			defaultConfigurationName = Release;
		};
		843347941CC872E500BC9CA8 /* Build configuration list for PBXNativeTarget "QRCode" */ = {
			isa = XCConfigurationList;
			buildConfigurations = (
				843347951CC872E500BC9CA8 /* Debug */,
				843347961CC872E500BC9CA8 /* Release */,
			);
			defaultConfigurationIsVisible = 0;
			defaultConfigurationName = Release;
		};
/* End XCConfigurationList section */
	};
	rootObject = 843347751CC872E400BC9CA8 /* Project object */;
}
